
Microsoft Visual Studio Solution File, Format Version 12.00
# Visual Studio Version 17
VisualStudioVersion = 17.4.33205.214
MinimumVisualStudioVersion = 10.0.40219.1
Project("{FAE04EC0-301F-11D3-BF4B-00C04F79EFBC}") = "SharedSettingsAcrossMultipleProjects", "SharedSettingsAcrossMultipleProjects\SharedSettingsAcrossMultipleProjects.csproj", "{8C844FB1-7C9D-4ECB-A5F0-CC66D5BC5655}"
EndProject
Project("{FAE04EC0-301F-11D3-BF4B-00C04F79EFBC}") = "Shared.Configuration.Project", "Shared.Configuration.Project\Shared.Configuration.Project.csproj", "{BABEF983-8870-4396-BA43-12518FBF2A2A}"
EndProject
Global
	GlobalSection(SolutionConfigurationPlatforms) = preSolution
		Debug|Any CPU = Debug|Any CPU
		Release|Any CPU = Release|Any CPU
	EndGlobalSection
	GlobalSection(ProjectConfigurationPlatforms) = postSolution
		{8C844FB1-7C9D-4ECB-A5F0-CC66D5BC5655}.Debug|Any CPU.ActiveCfg = Debug|Any CPU
		{8C844FB1-7C9D-4ECB-A5F0-CC66D5BC5655}.Debug|Any CPU.Build.0 = Debug|Any CPU
		{8C844FB1-7C9D-4ECB-A5F0-CC66D5BC5655}.Release|Any CPU.ActiveCfg = Release|Any CPU
		{8C844FB1-7C9D-4ECB-A5F0-CC66D5BC5655}.Release|Any CPU.Build.0 = Release|Any CPU
		{BABEF983-8870-4396-BA43-12518FBF2A2A}.Debug|Any CPU.ActiveCfg = Debug|Any CPU
		{BABEF983-8870-4396-BA43-12518FBF2A2A}.Debug|Any CPU.Build.0 = Debug|Any CPU
		{BABEF983-8870-4396-BA43-12518FBF2A2A}.Release|Any CPU.ActiveCfg = Release|Any CPU
		{BABEF983-8870-4396-BA43-12518FBF2A2A}.Release|Any CPU.Build.0 = Release|Any CPU
	EndGlobalSection
	GlobalSection(SolutionProperties) = preSolution
		HideSolutionNode = FALSE
	EndGlobalSection
	GlobalSection(ExtensibilityGlobals) = postSolution
		SolutionGuid = {385A29AD-8ABC-4A6A-A374-03FA77A8319E}
	EndGlobalSection
EndGlobal
